
Microsoft Visual Studio Solution File, Format Version 12.00
# Visual Studio Version 16
VisualStudioVersion = 16.0.30611.23
MinimumVisualStudioVersion = 10.0.40219.1
Project("{8BC9CEB8-8B4A-11D0-8D11-00A0C91BC942}") = "lab1", "lab1\lab1.vcxproj", "{4E3EDCEC-2BB4-4BD4-8DCD-AEE4A1F54DEE}"
EndProject
Project("{8BC9CEB8-8B4A-11D0-8D11-00A0C91BC942}") = "UnitTestLab1", "UnitTestLab1\UnitTestLab1.vcxproj", "{04D58163-39EA-4741-B93F-E94C9E9EB0C3}"
EndProject
Global
	GlobalSection(SolutionConfigurationPlatforms) = preSolution
		Debug|x64 = Debug|x64
		Debug|x86 = Debug|x86
		Release|x64 = Release|x64
		Release|x86 = Release|x86
	EndGlobalSection
	GlobalSection(ProjectConfigurationPlatforms) = postSolution
		{4E3EDCEC-2BB4-4BD4-8DCD-AEE4A1F54DEE}.Debug|x64.ActiveCfg = Debug|x64
		{4E3EDCEC-2BB4-4BD4-8DCD-AEE4A1F54DEE}.Debug|x64.Build.0 = Debug|x64
		{4E3EDCEC-2BB4-4BD4-8DCD-AEE4A1F54DEE}.Debug|x86.ActiveCfg = Debug|Win32
		{4E3EDCEC-2BB4-4BD4-8DCD-AEE4A1F54DEE}.Debug|x86.Build.0 = Debug|Win32
		{4E3EDCEC-2BB4-4BD4-8DCD-AEE4A1F54DEE}.Release|x64.ActiveCfg = Release|x64
		{4E3EDCEC-2BB4-4BD4-8DCD-AEE4A1F54DEE}.Release|x64.Build.0 = Release|x64
		{4E3EDCEC-2BB4-4BD4-8DCD-AEE4A1F54DEE}.Release|x86.ActiveCfg = Release|Win32
		{4E3EDCEC-2BB4-4BD4-8DCD-AEE4A1F54DEE}.Release|x86.Build.0 = Release|Win32
		{04D58163-39EA-4741-B93F-E94C9E9EB0C3}.Debug|x64.ActiveCfg = Debug|x64
		{04D58163-39EA-4741-B93F-E94C9E9EB0C3}.Debug|x64.Build.0 = Debug|x64
		{04D58163-39EA-4741-B93F-E94C9E9EB0C3}.Debug|x86.ActiveCfg = Debug|Win32
		{04D58163-39EA-4741-B93F-E94C9E9EB0C3}.Debug|x86.Build.0 = Debug|Win32
		{04D58163-39EA-4741-B93F-E94C9E9EB0C3}.Release|x64.ActiveCfg = Release|x64
		{04D58163-39EA-4741-B93F-E94C9E9EB0C3}.Release|x64.Build.0 = Release|x64
		{04D58163-39EA-4741-B93F-E94C9E9EB0C3}.Release|x86.ActiveCfg = Release|Win32
		{04D58163-39EA-4741-B93F-E94C9E9EB0C3}.Release|x86.Build.0 = Release|Win32
	EndGlobalSection
	GlobalSection(SolutionProperties) = preSolution
		HideSolutionNode = FALSE
	EndGlobalSection
	GlobalSection(ExtensibilityGlobals) = postSolution
		SolutionGuid = {78699C5A-1551-4EB3-B0CB-52442F2C370B}
	EndGlobalSection
EndGlobal
